{
  "name": "reveal.js",
  "version": "3.6.0",
  "lockfileVersion": 1,
  "requires": true,
  "dependencies": {
    "reveald3": {
      "version": "1.4.0",
      "resolved": "https://registry.npmjs.org/reveald3/-/reveald3-1.4.0.tgz",
      "integrity": "sha512-EY5tqlMD25dLUv3UFF8CgTJ3LNEK8rhmMPRM827acsj5zhKSjo16xdlSV5m9q+xaJMCWXL+993LUeQPuYKzoXg=="
    }
  }
}
